{
  "name": "gatsby-plugin-ackee-tracker",
  "version": "2.1.0",
  "lockfileVersion": 1,
  "requires": true,
  "dependencies": {
    "ackee-tracker": {
      "version": "5.0.1",
      "resolved": "https://registry.npmjs.org/ackee-tracker/-/ackee-tracker-5.0.1.tgz",
      "integrity": "sha512-VN5eZK9XjdZ6QGGCfH019LGzLfwb73aXKDg1eDWKudGlijSandJXjzlgqnG9dvkkOKhK6EQLLBanV3tLqKA34w==",
      "requires": {
        "platform": "^1.3.6"
      }
    },
    "platform": {
      "version": "1.3.6",
      "resolved": "https://registry.npmjs.org/platform/-/platform-1.3.6.tgz",
      "integrity": "sha512-fnWVljUchTro6RiCFvCXBbNhJc2NijN7oIQxbwsyL0buWJPG85v81ehlHI9fXrJsMNgTofEoWIQeClKpgxFLrg=="
    }
  }
}
